Microsoft Visual Studio Solution File, Format Version 11.00
# Visual Studio 2008

Project("{60F8B022-38E7-27E1-B276-74852F0159B8}") = "children-test", "Assembly-CSharp-firstpass.csproj", "{0D15D30A-DE71-7C18-E858-69722F2DC9C6}"
EndProject
Project("{60F8B022-38E7-27E1-B276-74852F0159B8}") = "children-test", "Assembly-CSharp.csproj", "{4549DF6C-5EB9-DA42-E0AE-C6859C60F715}"
EndProject
Project("{60F8B022-38E7-27E1-B276-74852F0159B8}") = "children-test", "Assembly-CSharp-Editor.csproj", "{8624E9F5-DDE7-554B-C790-A73D9650FCB9}"
EndProject
Global
	GlobalSection(SolutionConfigurationPlatforms) = preSolution
		Debug|Any CPU = Debug|Any CPU
		Release|Any CPU = Release|Any CPU
	EndGlobalSection
	GlobalSection(ProjectConfigurationPlatforms) = postSolution
		{0D15D30A-DE71-7C18-E858-69722F2DC9C6}.Debug|Any CPU.ActiveCfg = Debug|Any CPU
		{0D15D30A-DE71-7C18-E858-69722F2DC9C6}.Debug|Any CPU.Build.0 = Debug|Any CPU
		{0D15D30A-DE71-7C18-E858-69722F2DC9C6}.Release|Any CPU.ActiveCfg = Release|Any CPU
		{0D15D30A-DE71-7C18-E858-69722F2DC9C6}.Release|Any CPU.Build.0 = Release|Any CPU
		{4549DF6C-5EB9-DA42-E0AE-C6859C60F715}.Debug|Any CPU.ActiveCfg = Debug|Any CPU
		{4549DF6C-5EB9-DA42-E0AE-C6859C60F715}.Debug|Any CPU.Build.0 = Debug|Any CPU
		{4549DF6C-5EB9-DA42-E0AE-C6859C60F715}.Release|Any CPU.ActiveCfg = Release|Any CPU
		{4549DF6C-5EB9-DA42-E0AE-C6859C60F715}.Release|Any CPU.Build.0 = Release|Any CPU
		{8624E9F5-DDE7-554B-C790-A73D9650FCB9}.Debug|Any CPU.ActiveCfg = Debug|Any CPU
		{8624E9F5-DDE7-554B-C790-A73D9650FCB9}.Debug|Any CPU.Build.0 = Debug|Any CPU
		{8624E9F5-DDE7-554B-C790-A73D9650FCB9}.Release|Any CPU.ActiveCfg = Release|Any CPU
		{8624E9F5-DDE7-554B-C790-A73D9650FCB9}.Release|Any CPU.Build.0 = Release|Any CPU
	EndGlobalSection
	GlobalSection(SolutionProperties) = preSolution
		HideSolutionNode = FALSE
	EndGlobalSection
	GlobalSection(MonoDevelopProperties) = preSolution
		StartupItem = Assembly-CSharp.csproj
	EndGlobalSection
EndGlobal
